Microsoft Visual Studio Solution File, Format Version 12.00
# Visual Studio Version 17
VisualStudioVersion = 17.0.31903.59
MinimumVisualStudioVersion = 10.0.40219.1
Project("{FAE04EC0-301F-11D3-BF4B-00C04F79EFBC}") = "OttawaWork.BatchExcelSync", "src\BatchExcelSync\OttawaWork.BatchExcelSync.csproj", "{0642D3D5-4CEC-4159-85CC-581CAB8274F5}"
EndProject
Project("{FAE04EC0-301F-11D3-BF4B-00C04F79EFBC}") = "OttawaWork.DimensionEditor", "src\DimensionEditor\OttawaWork.DimensionEditor.csproj", "{EB0ECEFB-6AC2-4F18-BB27-61F951E2933F}"
EndProject
Project("{FAE04EC0-301F-11D3-BF4B-00C04F79EFBC}") = "OttawaWork.Din276CostEstimator", "src\Din276CostEstimator\OttawaWork.Din276CostEstimator.csproj", "{E4FD85E0-F231-4B8E-8682-0E6B65DFF08E}"
EndProject
Project("{FAE04EC0-301F-11D3-BF4B-00C04F79EFBC}") = "OttawaWork.Excel2Revit", "src\Excel2Revit\OttawaWork.Excel2Revit.csproj", "{7F626CA0-5F72-4D26-987D-3859AB1F20CA}"
EndProject
Project("{FAE04EC0-301F-11D3-BF4B-00C04F79EFBC}") = "OttawaWork.GridRenumber", "src\GridRenumber\OttawaWork.GridRenumber.csproj", "{373649EB-5A39-402E-972D-A1BF0950147F}"
EndProject
Project("{FAE04EC0-301F-11D3-BF4B-00C04F79EFBC}") = "OttawaWork.HighlightExterior", "src\HighlightExterior\OttawaWork.HighlightExterior.csproj", "{F1980C49-FFE2-4AC9-9BC3-0B7B34EF7A97}"
EndProject
Project("{FAE04EC0-301F-11D3-BF4B-00C04F79EFBC}") = "OttawaWork.HighlightInterior", "src\HighlightInterior\OttawaWork.HighlightInterior.csproj", "{3DA7D138-5957-46F1-8D1D-22E75B57E8DC}"
EndProject
Project("{FAE04EC0-301F-11D3-BF4B-00C04F79EFBC}") = "OttawaWork.IFCExportQA", "src\IFCExportQA\OttawaWork.IFCExportQA.csproj", "{FD6C2211-409D-441A-A0FE-4B4032B1786F}"
EndProject
Project("{FAE04EC0-301F-11D3-BF4B-00C04F79EFBC}") = "OttawaWork.LegendPlacer", "src\LegendPlacer\OttawaWork.LegendPlacer.csproj", "{BC8E5587-534C-49D0-A679-C8661167C8DB}"
EndProject
Project("{FAE04EC0-301F-11D3-BF4B-00C04F79EFBC}") = "OttawaWork.NamingConventionAudit", "src\NamingConventionAudit\OttawaWork.NamingConventionAudit.csproj", "{DCE33630-D992-4828-BEDE-55E669A96B3D}"
EndProject
Project("{FAE04EC0-301F-11D3-BF4B-00C04F79EFBC}") = "OttawaWork.OverrideByParam", "src\OverrideByParam\OttawaWork.OverrideByParam.csproj", "{C701E250-A81C-443B-8277-2F2306B8ECB2}"
EndProject
Project("{FAE04EC0-301F-11D3-BF4B-00C04F79EFBC}") = "OttawaWork.OverriddenDimensionDetector", "src\OverriddenDimensionDetector\OttawaWork.OverriddenDimensionDetector.csproj", "{C2512628-DB5D-4311-8257-5712F492B207}"
EndProject
Project("{FAE04EC0-301F-11D3-BF4B-00C04F79EFBC}") = "OttawaWork.ParamPowerSuite", "src\ParamPowerSuite\OttawaWork.ParamPowerSuite.csproj", "{897412F9-6834-4375-B56D-F400919069E9}"
EndProject
Project("{FAE04EC0-301F-11D3-BF4B-00C04F79EFBC}") = "OttawaWork.PurgePro", "src\PurgePro\OttawaWork.PurgePro.csproj", "{E0AED422-2FEE-41BE-97B3-80B9ACC93CFA}"
EndProject
Project("{FAE04EC0-301F-11D3-BF4B-00C04F79EFBC}") = "OttawaWork.RevisionTrack", "src\RevisionTrack\OttawaWork.RevisionTrack.csproj", "{61B1E508-E6CE-4603-97CE-8189605969C5}"
EndProject
Project("{FAE04EC0-301F-11D3-BF4B-00C04F79EFBC}") = "OttawaWork.UniqueNumbering", "src\UniqueNumbering\OttawaWork.UniqueNumbering.csproj", "{25B84042-10EC-4243-B3A4-7571238BCD54}"
EndProject
Project("{FAE04EC0-301F-11D3-BF4B-00C04F79EFBC}") = "OttawaWork.RoomTagger", "src\RoomTagger\OttawaWork.RoomTagger.csproj", "{50544DBB-F034-4A32-A8EB-7FB0E8A92659}"
EndProject
Project("{FAE04EC0-301F-11D3-BF4B-00C04F79EFBC}") = "OttawaWork.PointCloudHeatmap", "src\PointCloudHeatmap\OttawaWork.PointCloudHeatmap.csproj", "{A969D125-9746-4391-890F-530BB71B11C1}"
EndProject
Project("{FAE04EC0-301F-11D3-BF4B-00C04F79EFBC}") = "OttawaWork.UnplacedCleaner", "src\UnplacedCleaner\OttawaWork.UnplacedCleaner.csproj", "{F26D40BD-44B2-4683-B548-36DCD470E650}"
EndProject
Project("{FAE04EC0-301F-11D3-BF4B-00C04F79EFBC}") = "OttawaWork.ScopeBoxSync", "src\ScopeBoxSync\OttawaWork.ScopeBoxSync.csproj", "{3B737CF1-2931-4908-BA51-CD5D9AE02AB7}"
EndProject
Project("{FAE04EC0-301F-11D3-BF4B-00C04F79EFBC}") = "OttawaWork.Shared", "src\Shared\OttawaWork.Shared.csproj", "{969DE38C-F9A2-4C9A-8AA9-AAAD7F13D307}"
EndProject
Project("{FAE04EC0-301F-11D3-BF4B-00C04F79EFBC}") = "OttawaWork.StairCalculator", "src\StairCalculator\OttawaWork.StairCalculator.csproj", "{241394A4-8614-42C2-8C87-EF86B02E1638}"
EndProject
Project("{FAE04EC0-301F-11D3-BF4B-00C04F79EFBC}") = "OttawaWork.TitleBlockUpdater", "src\TitleBlockUpdater\OttawaWork.TitleBlockUpdater.csproj", "{CCDFF0B1-67B5-42ED-AF62-5F61B502E060}"
EndProject
Project("{FAE04EC0-301F-11D3-BF4B-00C04F79EFBC}") = "OttawaWork.LegendBuilder", "src\LegendBuilder\OttawaWork.LegendBuilder.csproj", "{68B50566-CA0A-4779-BE0F-9945D00F79C8}"
EndProject
Project("{FAE04EC0-301F-11D3-BF4B-00C04F79EFBC}") = "OttawaWork.PlansPerRoom", "src\PlansPerRoom\OttawaWork.PlansPerRoom.csproj", "{1ABC608D-A370-4373-B200-8016DFD4BB56}"
EndProject
Project("{FAE04EC0-301F-11D3-BF4B-00C04F79EFBC}") = "OttawaWork.PointCloudColorizer", "src\PointCloudColorizer\OttawaWork.PointCloudColorizer.csproj", "{BFBA695C-3698-4303-9A78-04D413C55B12}"
EndProject
Project("{FAE04EC0-301F-11D3-BF4B-00C04F79EFBC}") = "OttawaWork.QuickAccessRibbon", "src\QuickAccessRibbon\OttawaWork.QuickAccessRibbon.csproj", "{58789A75-80A5-405D-8241-61CC982F12F0}"
EndProject
Project("{FAE04EC0-301F-11D3-BF4B-00C04F79EFBC}") = "OttawaWork.SelectAllWalls", "src\SelectAllWalls\OttawaWork.SelectAllWalls.csproj", "{9DCD40D7-CE5D-4112-BB2A-E17A3853325B}"
EndProject
Project("{FAE04EC0-301F-11D3-BF4B-00C04F79EFBC}") = "OttawaWork.SelectExtWalls", "src\SelectExtWalls\OttawaWork.SelectExtWalls.csproj", "{05A74350-BEB6-4112-9268-ED847F4B64FD}"
EndProject
Project("{FAE04EC0-301F-11D3-BF4B-00C04F79EFBC}") = "OttawaWork.SelectIntWalls", "src\SelectIntWalls\OttawaWork.SelectIntWalls.csproj", "{8C9366B3-9FF4-4440-8876-29C9C418E223}"
EndProject
Project("{FAE04EC0-301F-11D3-BF4B-00C04F79EFBC}") = "OttawaWork.SelectAllDoors", "src\SelectAllDoors\OttawaWork.SelectAllDoors.csproj", "{06368392-6C3D-4B9A-B474-ED647EA01AEF}"
EndProject
Project("{FAE04EC0-301F-11D3-BF4B-00C04F79EFBC}") = "OttawaWork.SelectExtDoors", "src\SelectExtDoors\OttawaWork.SelectExtDoors.csproj", "{A5469878-BBCD-47B0-8FA0-6B62DDDC7132}"
EndProject
Project("{FAE04EC0-301F-11D3-BF4B-00C04F79EFBC}") = "OttawaWork.SelectIntDoors", "src\SelectIntDoors\OttawaWork.SelectIntDoors.csproj", "{06D2A9F9-A75A-4999-9DED-7F478982DCF5}"
EndProject
Project("{FAE04EC0-301F-11D3-BF4B-00C04F79EFBC}") = "OttawaWork.SelectFloors", "src\SelectFloors\OttawaWork.SelectFloors.csproj", "{CF9DB6E8-9E4D-4209-BDB2-D3B867E8FCB7}"
EndProject
Project("{FAE04EC0-301F-11D3-BF4B-00C04F79EFBC}") = "OttawaWork.SelectWindows", "src\SelectWindows\OttawaWork.SelectWindows.csproj", "{1A567523-51DB-4712-A1DE-2785C4CB9195}"
EndProject
Project("{FAE04EC0-301F-11D3-BF4B-00C04F79EFBC}") = "OttawaWork.SelectRoofs", "src\SelectRoofs\OttawaWork.SelectRoofs.csproj", "{626E1B7A-E03F-4B11-8F36-D86D24FC2FBF}"
EndProject
Project("{FAE04EC0-301F-11D3-BF4B-00C04F79EFBC}") = "OttawaWork.SelectCeilings", "src\SelectCeilings\OttawaWork.SelectCeilings.csproj", "{34CFC263-C4CA-4BEC-BBD8-AB6D9DCB91DC}"
EndProject
Project("{FAE04EC0-301F-11D3-BF4B-00C04F79EFBC}") = "OttawaWork.SelectBeams", "src\SelectBeams\OttawaWork.SelectBeams.csproj", "{98FACE08-2467-4646-A67E-4F5516A4DB94}"
EndProject
Project("{FAE04EC0-301F-11D3-BF4B-00C04F79EFBC}") = "OttawaWork.SelectRooms", "src\SelectRooms\OttawaWork.SelectRooms.csproj", "{0179C6B0-4472-4C41-832D-6045F6877159}"
EndProject
Global
	GlobalSection(SolutionConfigurationPlatforms) = preSolution
		Debug|x64 = Debug|x64
		Release|x64 = Release|x64
	EndGlobalSection
	GlobalSection(ProjectConfigurationPlatforms) = postSolution
		{0642D3D5-4CEC-4159-85CC-581CAB8274F5}.Debug|x64.ActiveCfg = Debug|x64
		{0642D3D5-4CEC-4159-85CC-581CAB8274F5}.Debug|x64.Build.0 = Debug|x64
		{0642D3D5-4CEC-4159-85CC-581CAB8274F5}.Release|x64.ActiveCfg = Release|x64
		{0642D3D5-4CEC-4159-85CC-581CAB8274F5}.Release|x64.Build.0 = Release|x64
		{EB0ECEFB-6AC2-4F18-BB27-61F951E2933F}.Debug|x64.ActiveCfg = Debug|x64
		{EB0ECEFB-6AC2-4F18-BB27-61F951E2933F}.Debug|x64.Build.0 = Debug|x64
		{EB0ECEFB-6AC2-4F18-BB27-61F951E2933F}.Release|x64.ActiveCfg = Release|x64
		{EB0ECEFB-6AC2-4F18-BB27-61F951E2933F}.Release|x64.Build.0 = Release|x64
		{E4FD85E0-F231-4B8E-8682-0E6B65DFF08E}.Debug|x64.ActiveCfg = Debug|x64
		{E4FD85E0-F231-4B8E-8682-0E6B65DFF08E}.Debug|x64.Build.0 = Debug|x64
		{E4FD85E0-F231-4B8E-8682-0E6B65DFF08E}.Release|x64.ActiveCfg = Release|x64
		{E4FD85E0-F231-4B8E-8682-0E6B65DFF08E}.Release|x64.Build.0 = Release|x64
		{7F626CA0-5F72-4D26-987D-3859AB1F20CA}.Debug|x64.ActiveCfg = Debug|x64
		{7F626CA0-5F72-4D26-987D-3859AB1F20CA}.Debug|x64.Build.0 = Debug|x64
		{7F626CA0-5F72-4D26-987D-3859AB1F20CA}.Release|x64.ActiveCfg = Release|x64
		{7F626CA0-5F72-4D26-987D-3859AB1F20CA}.Release|x64.Build.0 = Release|x64
		{373649EB-5A39-402E-972D-A1BF0950147F}.Debug|x64.ActiveCfg = Debug|x64
		{373649EB-5A39-402E-972D-A1BF0950147F}.Debug|x64.Build.0 = Debug|x64
		{373649EB-5A39-402E-972D-A1BF0950147F}.Release|x64.ActiveCfg = Release|x64
		{373649EB-5A39-402E-972D-A1BF0950147F}.Release|x64.Build.0 = Release|x64
		{F1980C49-FFE2-4AC9-9BC3-0B7B34EF7A97}.Debug|x64.ActiveCfg = Debug|x64
		{F1980C49-FFE2-4AC9-9BC3-0B7B34EF7A97}.Debug|x64.Build.0 = Debug|x64
		{F1980C49-FFE2-4AC9-9BC3-0B7B34EF7A97}.Release|x64.ActiveCfg = Release|x64
		{F1980C49-FFE2-4AC9-9BC3-0B7B34EF7A97}.Release|x64.Build.0 = Release|x64
		{3DA7D138-5957-46F1-8D1D-22E75B57E8DC}.Debug|x64.ActiveCfg = Debug|x64
		{3DA7D138-5957-46F1-8D1D-22E75B57E8DC}.Debug|x64.Build.0 = Debug|x64
		{3DA7D138-5957-46F1-8D1D-22E75B57E8DC}.Release|x64.ActiveCfg = Release|x64
		{3DA7D138-5957-46F1-8D1D-22E75B57E8DC}.Release|x64.Build.0 = Release|x64
		{FD6C2211-409D-441A-A0FE-4B4032B1786F}.Debug|x64.ActiveCfg = Debug|x64
		{FD6C2211-409D-441A-A0FE-4B4032B1786F}.Debug|x64.Build.0 = Debug|x64
		{FD6C2211-409D-441A-A0FE-4B4032B1786F}.Release|x64.ActiveCfg = Release|x64
		{FD6C2211-409D-441A-A0FE-4B4032B1786F}.Release|x64.Build.0 = Release|x64
		{BC8E5587-534C-49D0-A679-C8661167C8DB}.Debug|x64.ActiveCfg = Debug|x64
		{BC8E5587-534C-49D0-A679-C8661167C8DB}.Debug|x64.Build.0 = Debug|x64
		{BC8E5587-534C-49D0-A679-C8661167C8DB}.Release|x64.ActiveCfg = Release|x64
		{BC8E5587-534C-49D0-A679-C8661167C8DB}.Release|x64.Build.0 = Release|x64
		{DCE33630-D992-4828-BEDE-55E669A96B3D}.Debug|x64.ActiveCfg = Debug|x64
		{DCE33630-D992-4828-BEDE-55E669A96B3D}.Debug|x64.Build.0 = Debug|x64
		{DCE33630-D992-4828-BEDE-55E669A96B3D}.Release|x64.ActiveCfg = Release|x64
		{DCE33630-D992-4828-BEDE-55E669A96B3D}.Release|x64.Build.0 = Release|x64
		{C701E250-A81C-443B-8277-2F2306B8ECB2}.Debug|x64.ActiveCfg = Debug|x64
		{C701E250-A81C-443B-8277-2F2306B8ECB2}.Debug|x64.Build.0 = Debug|x64
		{C701E250-A81C-443B-8277-2F2306B8ECB2}.Release|x64.ActiveCfg = Release|x64
		{C701E250-A81C-443B-8277-2F2306B8ECB2}.Release|x64.Build.0 = Release|x64
		{C2512628-DB5D-4311-8257-5712F492B207}.Debug|x64.ActiveCfg = Debug|x64
		{C2512628-DB5D-4311-8257-5712F492B207}.Debug|x64.Build.0 = Debug|x64
		{C2512628-DB5D-4311-8257-5712F492B207}.Release|x64.ActiveCfg = Release|x64
		{C2512628-DB5D-4311-8257-5712F492B207}.Release|x64.Build.0 = Release|x64
		{897412F9-6834-4375-B56D-F400919069E9}.Debug|x64.ActiveCfg = Debug|x64
		{897412F9-6834-4375-B56D-F400919069E9}.Debug|x64.Build.0 = Debug|x64
		{897412F9-6834-4375-B56D-F400919069E9}.Release|x64.ActiveCfg = Release|x64
		{897412F9-6834-4375-B56D-F400919069E9}.Release|x64.Build.0 = Release|x64
		{E0AED422-2FEE-41BE-97B3-80B9ACC93CFA}.Debug|x64.ActiveCfg = Debug|x64
		{E0AED422-2FEE-41BE-97B3-80B9ACC93CFA}.Debug|x64.Build.0 = Debug|x64
		{E0AED422-2FEE-41BE-97B3-80B9ACC93CFA}.Release|x64.ActiveCfg = Release|x64
		{E0AED422-2FEE-41BE-97B3-80B9ACC93CFA}.Release|x64.Build.0 = Release|x64
		{61B1E508-E6CE-4603-97CE-8189605969C5}.Debug|x64.ActiveCfg = Debug|x64
		{61B1E508-E6CE-4603-97CE-8189605969C5}.Debug|x64.Build.0 = Debug|x64
		{61B1E508-E6CE-4603-97CE-8189605969C5}.Release|x64.ActiveCfg = Release|x64
		{61B1E508-E6CE-4603-97CE-8189605969C5}.Release|x64.Build.0 = Release|x64
		{50544DBB-F034-4A32-A8EB-7FB0E8A92659}.Debug|x64.ActiveCfg = Debug|x64
		{50544DBB-F034-4A32-A8EB-7FB0E8A92659}.Debug|x64.Build.0 = Debug|x64
		{50544DBB-F034-4A32-A8EB-7FB0E8A92659}.Release|x64.ActiveCfg = Release|x64
		{50544DBB-F034-4A32-A8EB-7FB0E8A92659}.Release|x64.Build.0 = Release|x64
		{A969D125-9746-4391-890F-530BB71B11C1}.Debug|x64.ActiveCfg = Debug|x64
		{A969D125-9746-4391-890F-530BB71B11C1}.Debug|x64.Build.0 = Debug|x64
		{A969D125-9746-4391-890F-530BB71B11C1}.Release|x64.ActiveCfg = Release|x64
		{A969D125-9746-4391-890F-530BB71B11C1}.Release|x64.Build.0 = Release|x64
		{25B84042-10EC-4243-B3A4-7571238BCD54}.Debug|x64.ActiveCfg = Debug|x64
		{25B84042-10EC-4243-B3A4-7571238BCD54}.Debug|x64.Build.0 = Debug|x64
		{25B84042-10EC-4243-B3A4-7571238BCD54}.Release|x64.ActiveCfg = Release|x64
		{25B84042-10EC-4243-B3A4-7571238BCD54}.Release|x64.Build.0 = Release|x64
		{F26D40BD-44B2-4683-B548-36DCD470E650}.Debug|x64.ActiveCfg = Debug|x64
		{F26D40BD-44B2-4683-B548-36DCD470E650}.Debug|x64.Build.0 = Debug|x64
		{F26D40BD-44B2-4683-B548-36DCD470E650}.Release|x64.ActiveCfg = Release|x64
		{F26D40BD-44B2-4683-B548-36DCD470E650}.Release|x64.Build.0 = Release|x64
		{3B737CF1-2931-4908-BA51-CD5D9AE02AB7}.Debug|x64.ActiveCfg = Debug|x64
		{3B737CF1-2931-4908-BA51-CD5D9AE02AB7}.Debug|x64.Build.0 = Debug|x64
		{3B737CF1-2931-4908-BA51-CD5D9AE02AB7}.Release|x64.ActiveCfg = Release|x64
		{3B737CF1-2931-4908-BA51-CD5D9AE02AB7}.Release|x64.Build.0 = Release|x64
		{969DE38C-F9A2-4C9A-8AA9-AAAD7F13D307}.Debug|x64.ActiveCfg = Debug|x64
		{969DE38C-F9A2-4C9A-8AA9-AAAD7F13D307}.Debug|x64.Build.0 = Debug|x64
		{969DE38C-F9A2-4C9A-8AA9-AAAD7F13D307}.Release|x64.ActiveCfg = Release|x64
		{969DE38C-F9A2-4C9A-8AA9-AAAD7F13D307}.Release|x64.Build.0 = Release|x64
		{241394A4-8614-42C2-8C87-EF86B02E1638}.Debug|x64.ActiveCfg = Debug|x64
		{241394A4-8614-42C2-8C87-EF86B02E1638}.Debug|x64.Build.0 = Debug|x64
		{241394A4-8614-42C2-8C87-EF86B02E1638}.Release|x64.ActiveCfg = Release|x64
		{241394A4-8614-42C2-8C87-EF86B02E1638}.Release|x64.Build.0 = Release|x64
		{CCDFF0B1-67B5-42ED-AF62-5F61B502E060}.Debug|x64.ActiveCfg = Debug|x64
		{CCDFF0B1-67B5-42ED-AF62-5F61B502E060}.Debug|x64.Build.0 = Debug|x64
		{CCDFF0B1-67B5-42ED-AF62-5F61B502E060}.Release|x64.ActiveCfg = Release|x64
		{CCDFF0B1-67B5-42ED-AF62-5F61B502E060}.Release|x64.Build.0 = Release|x64
			{68B50566-CA0A-4779-BE0F-9945D00F79C8}.Debug|x64.ActiveCfg = Debug|x64
		{68B50566-CA0A-4779-BE0F-9945D00F79C8}.Debug|x64.Build.0 = Debug|x64
		{68B50566-CA0A-4779-BE0F-9945D00F79C8}.Release|x64.ActiveCfg = Release|x64
		{68B50566-CA0A-4779-BE0F-9945D00F79C8}.Release|x64.Build.0 = Release|x64
		{1ABC608D-A370-4373-B200-8016DFD4BB56}.Debug|x64.ActiveCfg = Debug|x64
		{1ABC608D-A370-4373-B200-8016DFD4BB56}.Debug|x64.Build.0 = Debug|x64
		{1ABC608D-A370-4373-B200-8016DFD4BB56}.Release|x64.ActiveCfg = Release|x64
		{1ABC608D-A370-4373-B200-8016DFD4BB56}.Release|x64.Build.0 = Release|x64
		{BFBA695C-3698-4303-9A78-04D413C55B12}.Debug|x64.ActiveCfg = Debug|x64
		{BFBA695C-3698-4303-9A78-04D413C55B12}.Debug|x64.Build.0 = Debug|x64
		{BFBA695C-3698-4303-9A78-04D413C55B12}.Release|x64.ActiveCfg = Release|x64
		{BFBA695C-3698-4303-9A78-04D413C55B12}.Release|x64.Build.0 = Release|x64
		{58789A75-80A5-405D-8241-61CC982F12F0}.Debug|x64.ActiveCfg = Debug|x64
		{58789A75-80A5-405D-8241-61CC982F12F0}.Debug|x64.Build.0 = Debug|x64
		{58789A75-80A5-405D-8241-61CC982F12F0}.Release|x64.ActiveCfg = Release|x64
		{58789A75-80A5-405D-8241-61CC982F12F0}.Release|x64.Build.0 = Release|x64
		{9DCD40D7-CE5D-4112-BB2A-E17A3853325B}.Debug|x64.ActiveCfg = Debug|x64
		{9DCD40D7-CE5D-4112-BB2A-E17A3853325B}.Debug|x64.Build.0 = Debug|x64
		{9DCD40D7-CE5D-4112-BB2A-E17A3853325B}.Release|x64.ActiveCfg = Release|x64
		{9DCD40D7-CE5D-4112-BB2A-E17A3853325B}.Release|x64.Build.0 = Release|x64
		{05A74350-BEB6-4112-9268-ED847F4B64FD}.Debug|x64.ActiveCfg = Debug|x64
		{05A74350-BEB6-4112-9268-ED847F4B64FD}.Debug|x64.Build.0 = Debug|x64
		{05A74350-BEB6-4112-9268-ED847F4B64FD}.Release|x64.ActiveCfg = Release|x64
		{05A74350-BEB6-4112-9268-ED847F4B64FD}.Release|x64.Build.0 = Release|x64
		{8C9366B3-9FF4-4440-8876-29C9C418E223}.Debug|x64.ActiveCfg = Debug|x64
		{8C9366B3-9FF4-4440-8876-29C9C418E223}.Debug|x64.Build.0 = Debug|x64
		{8C9366B3-9FF4-4440-8876-29C9C418E223}.Release|x64.ActiveCfg = Release|x64
		{8C9366B3-9FF4-4440-8876-29C9C418E223}.Release|x64.Build.0 = Release|x64
		{06368392-6C3D-4B9A-B474-ED647EA01AEF}.Debug|x64.ActiveCfg = Debug|x64
		{06368392-6C3D-4B9A-B474-ED647EA01AEF}.Debug|x64.Build.0 = Debug|x64
		{06368392-6C3D-4B9A-B474-ED647EA01AEF}.Release|x64.ActiveCfg = Release|x64
		{06368392-6C3D-4B9A-B474-ED647EA01AEF}.Release|x64.Build.0 = Release|x64
		{A5469878-BBCD-47B0-8FA0-6B62DDDC7132}.Debug|x64.ActiveCfg = Debug|x64
		{A5469878-BBCD-47B0-8FA0-6B62DDDC7132}.Debug|x64.Build.0 = Debug|x64
		{A5469878-BBCD-47B0-8FA0-6B62DDDC7132}.Release|x64.ActiveCfg = Release|x64
		{A5469878-BBCD-47B0-8FA0-6B62DDDC7132}.Release|x64.Build.0 = Release|x64
		{06D2A9F9-A75A-4999-9DED-7F478982DCF5}.Debug|x64.ActiveCfg = Debug|x64
		{06D2A9F9-A75A-4999-9DED-7F478982DCF5}.Debug|x64.Build.0 = Debug|x64
		{06D2A9F9-A75A-4999-9DED-7F478982DCF5}.Release|x64.ActiveCfg = Release|x64
		{06D2A9F9-A75A-4999-9DED-7F478982DCF5}.Release|x64.Build.0 = Release|x64
		{CF9DB6E8-9E4D-4209-BDB2-D3B867E8FCB7}.Debug|x64.ActiveCfg = Debug|x64
		{CF9DB6E8-9E4D-4209-BDB2-D3B867E8FCB7}.Debug|x64.Build.0 = Debug|x64
		{CF9DB6E8-9E4D-4209-BDB2-D3B867E8FCB7}.Release|x64.ActiveCfg = Release|x64
		{CF9DB6E8-9E4D-4209-BDB2-D3B867E8FCB7}.Release|x64.Build.0 = Release|x64
		{1A567523-51DB-4712-A1DE-2785C4CB9195}.Debug|x64.ActiveCfg = Debug|x64
		{1A567523-51DB-4712-A1DE-2785C4CB9195}.Debug|x64.Build.0 = Debug|x64
		{1A567523-51DB-4712-A1DE-2785C4CB9195}.Release|x64.ActiveCfg = Release|x64
		{1A567523-51DB-4712-A1DE-2785C4CB9195}.Release|x64.Build.0 = Release|x64
		{626E1B7A-E03F-4B11-8F36-D86D24FC2FBF}.Debug|x64.ActiveCfg = Debug|x64
		{626E1B7A-E03F-4B11-8F36-D86D24FC2FBF}.Debug|x64.Build.0 = Debug|x64
		{626E1B7A-E03F-4B11-8F36-D86D24FC2FBF}.Release|x64.ActiveCfg = Release|x64
		{626E1B7A-E03F-4B11-8F36-D86D24FC2FBF}.Release|x64.Build.0 = Release|x64
		{34CFC263-C4CA-4BEC-BBD8-AB6D9DCB91DC}.Debug|x64.ActiveCfg = Debug|x64
		{34CFC263-C4CA-4BEC-BBD8-AB6D9DCB91DC}.Debug|x64.Build.0 = Debug|x64
		{34CFC263-C4CA-4BEC-BBD8-AB6D9DCB91DC}.Release|x64.ActiveCfg = Release|x64
		{34CFC263-C4CA-4BEC-BBD8-AB6D9DCB91DC}.Release|x64.Build.0 = Release|x64
		{98FACE08-2467-4646-A67E-4F5516A4DB94}.Debug|x64.ActiveCfg = Debug|x64
		{98FACE08-2467-4646-A67E-4F5516A4DB94}.Debug|x64.Build.0 = Debug|x64
		{98FACE08-2467-4646-A67E-4F5516A4DB94}.Release|x64.ActiveCfg = Release|x64
		{98FACE08-2467-4646-A67E-4F5516A4DB94}.Release|x64.Build.0 = Release|x64
		{0179C6B0-4472-4C41-832D-6045F6877159}.Debug|x64.ActiveCfg = Debug|x64
		{0179C6B0-4472-4C41-832D-6045F6877159}.Debug|x64.Build.0 = Debug|x64
		{0179C6B0-4472-4C41-832D-6045F6877159}.Release|x64.ActiveCfg = Release|x64
		{0179C6B0-4472-4C41-832D-6045F6877159}.Release|x64.Build.0 = Release|x64
EndGlobalSection
	GlobalSection(SolutionProperties) = preSolution
		HideSolutionNode = FALSE
	EndGlobalSection
EndGlobal
